
Microsoft Visual Studio Solution File, Format Version 12.00
# Visual Studio 15
Project("{FAE04EC0-301F-11D3-BF4B-00C04F79EFBC}") = "BGswitch", "BGswitch.csproj", "{65E6B7A1-4700-4927-92AA-7C48A54D7D19}"
EndProject
Global
	GlobalSection(SolutionConfigurationPlatforms) = preSolution
		Debug|Any CPU = Debug|Any CPU
		Release|Any CPU = Release|Any CPU
	EndGlobalSection
	GlobalSection(ProjectConfigurationPlatforms) = postSolution
		{65E6B7A1-4700-4927-92AA-7C48A54D7D19}.Debug|Any CPU.ActiveCfg = Debug|Any CPU
		{65E6B7A1-4700-4927-92AA-7C48A54D7D19}.Debug|Any CPU.Build.0 = Debug|Any CPU
		{65E6B7A1-4700-4927-92AA-7C48A54D7D19}.Release|Any CPU.ActiveCfg = Release|Any CPU
		{65E6B7A1-4700-4927-92AA-7C48A54D7D19}.Release|Any CPU.Build.0 = Release|Any CPU
	EndGlobalSection
	GlobalSection(MonoDevelopProperties) = preSolution
		outputpath = ../../.steam/steam/steamapps/common/Celeste/Mods
		Policies = $0
		$0.DotNetNamingPolicy = $1
		$1.DirectoryNamespaceAssociation = PrefixedHierarchical
	EndGlobalSection
EndGlobal
